
Microsoft Visual Studio Solution File, Format Version 12.00
# Visual Studio Version 17
VisualStudioVersion = 17.2.32526.322
MinimumVisualStudioVersion = 10.0.40219.1
Project("{FAE04EC0-301F-11D3-BF4B-00C04F79EFBC}") = "PlainMQLib", "PlainMQLib\PlainMQLib.csproj", "{93AFB7AC-4A0F-4CEB-A808-3C17BF08AE70}"
EndProject
Global
	GlobalSection(SolutionConfigurationPlatforms) = preSolution
		Debug|Any CPU = Debug|Any CPU
		Release|Any CPU = Release|Any CPU
	EndGlobalSection
	GlobalSection(ProjectConfigurationPlatforms) = postSolution
		{93AFB7AC-4A0F-4CEB-A808-3C17BF08AE70}.Debug|Any CPU.ActiveCfg = Debug|Any CPU
		{93AFB7AC-4A0F-4CEB-A808-3C17BF08AE70}.Debug|Any CPU.Build.0 = Debug|Any CPU
		{93AFB7AC-4A0F-4CEB-A808-3C17BF08AE70}.Release|Any CPU.ActiveCfg = Release|Any CPU
		{93AFB7AC-4A0F-4CEB-A808-3C17BF08AE70}.Release|Any CPU.Build.0 = Release|Any CPU
	EndGlobalSection
	GlobalSection(SolutionProperties) = preSolution
		HideSolutionNode = FALSE
	EndGlobalSection
	GlobalSection(ExtensibilityGlobals) = postSolution
		SolutionGuid = {C4CEA2B0-173C-4A2D-B102-BF4C5C52701C}
	EndGlobalSection
EndGlobal
